
Microsoft Visual Studio Solution File, Format Version 12.00
# Visual Studio Version 16
VisualStudioVersion = 16.0.29503.13
MinimumVisualStudioVersion = 10.0.40219.1
Project("{2150E333-8FDC-42A3-9474-1A3956D46DE8}") = "UI", "UI", "{767FCC2E-3C0E-4BF8-B6F2-E1B2FF378606}"
EndProject
Project("{2150E333-8FDC-42A3-9474-1A3956D46DE8}") = "Common", "Common", "{7CE23B3B-B73A-4A16-81A9-E5679D48EF42}"
EndProject
Project("{2150E333-8FDC-42A3-9474-1A3956D46DE8}") = "Services", "Services", "{4A10765A-20FC-491C-8E27-2FBE3FEA5AD2}"
EndProject
Project("{9A19103F-16F7-4668-BE54-9A1E7A4F7556}") = "WebStore.Domain", "Common\WebStore.Domain\WebStore.Domain.csproj", "{3844A10F-CD7A-4E6E-8329-6D199E7D6119}"
EndProject
Project("{9A19103F-16F7-4668-BE54-9A1E7A4F7556}") = "WebStore.DAL", "Services\WebStore.DAL\WebStore.DAL.csproj", "{A66B49A9-B452-4B4E-A818-A85F78467F26}"
EndProject
Project("{9A19103F-16F7-4668-BE54-9A1E7A4F7556}") = "WebStore", "UI\WebStore\WebStore.csproj", "{C6C0E44B-FDCB-4A03-8F1E-C4B207C79DA9}"
EndProject
Project("{9A19103F-16F7-4668-BE54-9A1E7A4F7556}") = "WebStore.ServiceHosting", "Services\WebStore.ServiceHosting\WebStore.ServiceHosting.csproj", "{72842215-D54C-41C4-A459-32DA2408BC08}"
EndProject
Project("{9A19103F-16F7-4668-BE54-9A1E7A4F7556}") = "WebStore.Interfaces", "Services\WebStore.Interfaces\WebStore.Interfaces.csproj", "{9FDD3E87-F0BB-4E08-B33D-DA3B9F100F78}"
EndProject
Project("{9A19103F-16F7-4668-BE54-9A1E7A4F7556}") = "WebStore.Services", "Services\WebStore.Services\WebStore.Services.csproj", "{F3DFDC2C-7167-4369-80F2-8C43A1A09E4E}"
EndProject
Project("{FAE04EC0-301F-11D3-BF4B-00C04F79EFBC}") = "WebStore.Clients", "Services\WebStore.Clients\WebStore.Clients.csproj", "{78BD820B-AFB4-486E-9388-9C801BB8D5F5}"
EndProject
Global
	GlobalSection(SolutionConfigurationPlatforms) = preSolution
		Debug|Any CPU = Debug|Any CPU
		Release|Any CPU = Release|Any CPU
	EndGlobalSection
	GlobalSection(ProjectConfigurationPlatforms) = postSolution
		{3844A10F-CD7A-4E6E-8329-6D199E7D6119}.Debug|Any CPU.ActiveCfg = Debug|Any CPU
		{3844A10F-CD7A-4E6E-8329-6D199E7D6119}.Debug|Any CPU.Build.0 = Debug|Any CPU
		{3844A10F-CD7A-4E6E-8329-6D199E7D6119}.Release|Any CPU.ActiveCfg = Release|Any CPU
		{3844A10F-CD7A-4E6E-8329-6D199E7D6119}.Release|Any CPU.Build.0 = Release|Any CPU
		{A66B49A9-B452-4B4E-A818-A85F78467F26}.Debug|Any CPU.ActiveCfg = Debug|Any CPU
		{A66B49A9-B452-4B4E-A818-A85F78467F26}.Debug|Any CPU.Build.0 = Debug|Any CPU
		{A66B49A9-B452-4B4E-A818-A85F78467F26}.Release|Any CPU.ActiveCfg = Release|Any CPU
		{A66B49A9-B452-4B4E-A818-A85F78467F26}.Release|Any CPU.Build.0 = Release|Any CPU
		{C6C0E44B-FDCB-4A03-8F1E-C4B207C79DA9}.Debug|Any CPU.ActiveCfg = Debug|Any CPU
		{C6C0E44B-FDCB-4A03-8F1E-C4B207C79DA9}.Debug|Any CPU.Build.0 = Debug|Any CPU
		{C6C0E44B-FDCB-4A03-8F1E-C4B207C79DA9}.Release|Any CPU.ActiveCfg = Release|Any CPU
		{C6C0E44B-FDCB-4A03-8F1E-C4B207C79DA9}.Release|Any CPU.Build.0 = Release|Any CPU
		{72842215-D54C-41C4-A459-32DA2408BC08}.Debug|Any CPU.ActiveCfg = Debug|Any CPU
		{72842215-D54C-41C4-A459-32DA2408BC08}.Debug|Any CPU.Build.0 = Debug|Any CPU
		{72842215-D54C-41C4-A459-32DA2408BC08}.Release|Any CPU.ActiveCfg = Release|Any CPU
		{72842215-D54C-41C4-A459-32DA2408BC08}.Release|Any CPU.Build.0 = Release|Any CPU
		{9FDD3E87-F0BB-4E08-B33D-DA3B9F100F78}.Debug|Any CPU.ActiveCfg = Debug|Any CPU
		{9FDD3E87-F0BB-4E08-B33D-DA3B9F100F78}.Debug|Any CPU.Build.0 = Debug|Any CPU
		{9FDD3E87-F0BB-4E08-B33D-DA3B9F100F78}.Release|Any CPU.ActiveCfg = Release|Any CPU
		{9FDD3E87-F0BB-4E08-B33D-DA3B9F100F78}.Release|Any CPU.Build.0 = Release|Any CPU
		{F3DFDC2C-7167-4369-80F2-8C43A1A09E4E}.Debug|Any CPU.ActiveCfg = Debug|Any CPU
		{F3DFDC2C-7167-4369-80F2-8C43A1A09E4E}.Debug|Any CPU.Build.0 = Debug|Any CPU
		{F3DFDC2C-7167-4369-80F2-8C43A1A09E4E}.Release|Any CPU.ActiveCfg = Release|Any CPU
		{F3DFDC2C-7167-4369-80F2-8C43A1A09E4E}.Release|Any CPU.Build.0 = Release|Any CPU
		{78BD820B-AFB4-486E-9388-9C801BB8D5F5}.Debug|Any CPU.ActiveCfg = Debug|Any CPU
		{78BD820B-AFB4-486E-9388-9C801BB8D5F5}.Debug|Any CPU.Build.0 = Debug|Any CPU
		{78BD820B-AFB4-486E-9388-9C801BB8D5F5}.Release|Any CPU.ActiveCfg = Release|Any CPU
		{78BD820B-AFB4-486E-9388-9C801BB8D5F5}.Release|Any CPU.Build.0 = Release|Any CPU
	EndGlobalSection
	GlobalSection(SolutionProperties) = preSolution
		HideSolutionNode = FALSE
	EndGlobalSection
	GlobalSection(NestedProjects) = preSolution
		{3844A10F-CD7A-4E6E-8329-6D199E7D6119} = {7CE23B3B-B73A-4A16-81A9-E5679D48EF42}
		{A66B49A9-B452-4B4E-A818-A85F78467F26} = {4A10765A-20FC-491C-8E27-2FBE3FEA5AD2}
		{C6C0E44B-FDCB-4A03-8F1E-C4B207C79DA9} = {767FCC2E-3C0E-4BF8-B6F2-E1B2FF378606}
		{72842215-D54C-41C4-A459-32DA2408BC08} = {4A10765A-20FC-491C-8E27-2FBE3FEA5AD2}
		{9FDD3E87-F0BB-4E08-B33D-DA3B9F100F78} = {4A10765A-20FC-491C-8E27-2FBE3FEA5AD2}
		{F3DFDC2C-7167-4369-80F2-8C43A1A09E4E} = {4A10765A-20FC-491C-8E27-2FBE3FEA5AD2}
		{78BD820B-AFB4-486E-9388-9C801BB8D5F5} = {4A10765A-20FC-491C-8E27-2FBE3FEA5AD2}
	EndGlobalSection
	GlobalSection(ExtensibilityGlobals) = postSolution
		SolutionGuid = {9D3F6310-E247-47D0-BFAA-A4C7BA863AD5}
	EndGlobalSection
EndGlobal
